
Microsoft Visual Studio Solution File, Format Version 12.00
# Visual Studio 15
VisualStudioVersion = 15.0.26730.16
MinimumVisualStudioVersion = 10.0.40219.1
Project("{8BC9CEB8-8B4A-11D0-8D11-00A0C91BC942}") = "Task1", "Tusk1\Tusk1.vcxproj", "{AB576FF2-62DD-4036-B451-ED83B759B09E}"
EndProject
Project("{8BC9CEB8-8B4A-11D0-8D11-00A0C91BC942}") = "Task2", "Task2\Task2.vcxproj", "{4AB106EE-9171-4A4C-8816-DA571E536D71}"
EndProject
Project("{8BC9CEB8-8B4A-11D0-8D11-00A0C91BC942}") = "Task3", "Task3\Task3.vcxproj", "{360A97FF-EA3B-48E7-AA12-575771DC7EBE}"
EndProject
Global
	GlobalSection(SolutionConfigurationPlatforms) = preSolution
		Debug|x64 = Debug|x64
		Debug|x86 = Debug|x86
		Release|x64 = Release|x64
		Release|x86 = Release|x86
	EndGlobalSection
	GlobalSection(ProjectConfigurationPlatforms) = postSolution
		{AB576FF2-62DD-4036-B451-ED83B759B09E}.Debug|x64.ActiveCfg = Debug|x64
		{AB576FF2-62DD-4036-B451-ED83B759B09E}.Debug|x64.Build.0 = Debug|x64
		{AB576FF2-62DD-4036-B451-ED83B759B09E}.Debug|x86.ActiveCfg = Debug|Win32
		{AB576FF2-62DD-4036-B451-ED83B759B09E}.Debug|x86.Build.0 = Debug|Win32
		{AB576FF2-62DD-4036-B451-ED83B759B09E}.Release|x64.ActiveCfg = Release|x64
		{AB576FF2-62DD-4036-B451-ED83B759B09E}.Release|x64.Build.0 = Release|x64
		{AB576FF2-62DD-4036-B451-ED83B759B09E}.Release|x86.ActiveCfg = Release|Win32
		{AB576FF2-62DD-4036-B451-ED83B759B09E}.Release|x86.Build.0 = Release|Win32
		{4AB106EE-9171-4A4C-8816-DA571E536D71}.Debug|x64.ActiveCfg = Debug|x64
		{4AB106EE-9171-4A4C-8816-DA571E536D71}.Debug|x64.Build.0 = Debug|x64
		{4AB106EE-9171-4A4C-8816-DA571E536D71}.Debug|x86.ActiveCfg = Debug|Win32
		{4AB106EE-9171-4A4C-8816-DA571E536D71}.Debug|x86.Build.0 = Debug|Win32
		{4AB106EE-9171-4A4C-8816-DA571E536D71}.Release|x64.ActiveCfg = Release|x64
		{4AB106EE-9171-4A4C-8816-DA571E536D71}.Release|x64.Build.0 = Release|x64
		{4AB106EE-9171-4A4C-8816-DA571E536D71}.Release|x86.ActiveCfg = Release|Win32
		{4AB106EE-9171-4A4C-8816-DA571E536D71}.Release|x86.Build.0 = Release|Win32
		{360A97FF-EA3B-48E7-AA12-575771DC7EBE}.Debug|x64.ActiveCfg = Debug|x64
		{360A97FF-EA3B-48E7-AA12-575771DC7EBE}.Debug|x64.Build.0 = Debug|x64
		{360A97FF-EA3B-48E7-AA12-575771DC7EBE}.Debug|x86.ActiveCfg = Debug|Win32
		{360A97FF-EA3B-48E7-AA12-575771DC7EBE}.Debug|x86.Build.0 = Debug|Win32
		{360A97FF-EA3B-48E7-AA12-575771DC7EBE}.Release|x64.ActiveCfg = Release|x64
		{360A97FF-EA3B-48E7-AA12-575771DC7EBE}.Release|x64.Build.0 = Release|x64
		{360A97FF-EA3B-48E7-AA12-575771DC7EBE}.Release|x86.ActiveCfg = Release|Win32
		{360A97FF-EA3B-48E7-AA12-575771DC7EBE}.Release|x86.Build.0 = Release|Win32
	EndGlobalSection
	GlobalSection(SolutionProperties) = preSolution
		HideSolutionNode = FALSE
	EndGlobalSection
	GlobalSection(ExtensibilityGlobals) = postSolution
		SolutionGuid = {235E4167-24BC-45C8-8B2A-8BE9335CD0A2}
	EndGlobalSection
EndGlobal
